# This file is automatically @generated by Poetry 1.7.1 and should not be changed by hand.

[[package]]
name = "google-cloud"
version = "0.34.0"
description = "API Client library for Google Cloud"
optional = false
python-versions = "*"
files = [
    {file = "google-cloud-0.34.0.tar.gz", hash = "sha256:01430187cf56df10a9ba775dd547393185d4b40741db0ea5889301f8e7a9d5d3"},
    {file = "google_cloud-0.34.0-py2.py3-none-any.whl", hash = "sha256:fb1ab7b0548fe44b3d538041f0a374505b7f990d448a935ea36649c5ccab5acf"},
]

[metadata]
lock-version = "2.0"
python-versions = "^3.11"
content-hash = "b40639a972dc1365efc1ab39d472b5450b3e98ac198d0efd4ee1235e0d728c03"
